
Microsoft Visual Studio Solution File, Format Version 12.00
# Visual Studio Version 17
VisualStudioVersion = 17.3.32922.545
MinimumVisualStudioVersion = 10.0.40219.1
Project("{FAE04EC0-301F-11D3-BF4B-00C04F79EFBC}") = "NetMetaprograming", "NetMetaprograming\NetMetaprograming.csproj", "{4736E70D-FF9D-4FC9-8FEE-B45C03D038EB}"
EndProject
Global
	GlobalSection(SolutionConfigurationPlatforms) = preSolution
		Debug|Any CPU = Debug|Any CPU
		Release|Any CPU = Release|Any CPU
	EndGlobalSection
	GlobalSection(ProjectConfigurationPlatforms) = postSolution
		{4736E70D-FF9D-4FC9-8FEE-B45C03D038EB}.Debug|Any CPU.ActiveCfg = Debug|Any CPU
		{4736E70D-FF9D-4FC9-8FEE-B45C03D038EB}.Debug|Any CPU.Build.0 = Debug|Any CPU
		{4736E70D-FF9D-4FC9-8FEE-B45C03D038EB}.Release|Any CPU.ActiveCfg = Release|Any CPU
		{4736E70D-FF9D-4FC9-8FEE-B45C03D038EB}.Release|Any CPU.Build.0 = Release|Any CPU
	EndGlobalSection
	GlobalSection(SolutionProperties) = preSolution
		HideSolutionNode = FALSE
	EndGlobalSection
	GlobalSection(ExtensibilityGlobals) = postSolution
		SolutionGuid = {F6A6629D-4967-4C76-96E1-8B2434A91164}
	EndGlobalSection
EndGlobal
